
Microsoft Visual Studio Solution File, Format Version 12.00
# Visual Studio Version 17
VisualStudioVersion = 17.11.35312.102
MinimumVisualStudioVersion = 10.0.40219.1
Project("{2150E333-8FDC-42A3-9474-1A3956D46DE8}") = "Task0", "Task0", "{66F338C4-2BD1-4FF9-87EC-A09B41113184}"
EndProject
Project("{9A19103F-16F7-4668-BE54-9A1E7A4F7556}") = "Tyuiu.NovikovDS.Sprint1.Task0.V5", "Tyuiu.NovikovDS.Sprint1.Task0.V5\Tyuiu.NovikovDS.Sprint1.Task0.V5.csproj", "{55A31E14-9693-4269-8262-59E33034F498}"
EndProject
Project("{9A19103F-16F7-4668-BE54-9A1E7A4F7556}") = "Tyuiu.NovikovDS.Sprint1.Task0.V5.Lib", "Tyuiu.NovikovDS.Sprint1.Task0.V5.Lib\Tyuiu.NovikovDS.Sprint1.Task0.V5.Lib.csproj", "{05B55728-C089-4C6A-93D5-E15DDF8A9257}"
EndProject
Project("{9A19103F-16F7-4668-BE54-9A1E7A4F7556}") = "Tyuiu.NovikovDS.Sprint1.Task0.V5.Test", "Tyuiu.NovikovDS.Sprint1.Task0.V5.Test\Tyuiu.NovikovDS.Sprint1.Task0.V5.Test.csproj", "{15E88E0A-D822-44A6-BB92-1EAB9DE5026B}"
EndProject
Project("{2150E333-8FDC-42A3-9474-1A3956D46DE8}") = "Task1", "Task1", "{3F48517B-0FEF-453C-8C42-00E2FA908606}"
EndProject
Project("{FAE04EC0-301F-11D3-BF4B-00C04F79EFBC}") = "Tyuiu.NovikovDS.Sprint1.Task1.V10", "Tyuiu.NovikovDS.Sprint1.Task1.V10\Tyuiu.NovikovDS.Sprint1.Task1.V10.csproj", "{401744B1-7153-4C86-866A-47876C66EE6D}"
EndProject
Project("{FAE04EC0-301F-11D3-BF4B-00C04F79EFBC}") = "Tyuiu.NovikovDS.Sprint1.Task1.V10.Lib", "Tyuiu.NovikovDS.Sprint1.Task1.V10.Lib\Tyuiu.NovikovDS.Sprint1.Task1.V10.Lib.csproj", "{5D68AE01-70D9-4040-9A55-3146BB601D4F}"
EndProject
Project("{FAE04EC0-301F-11D3-BF4B-00C04F79EFBC}") = "Tyuiu.NovikovDS.Sprint1.Task1.V10.Test", "Tyuiu.NovikovDS.Sprint1.Task1.V10.Test\Tyuiu.NovikovDS.Sprint1.Task1.V10.Test.csproj", "{511F4D5E-F23F-41FD-9109-FCC156F06617}"
EndProject
Project("{2150E333-8FDC-42A3-9474-1A3956D46DE8}") = "Task2", "Task2", "{53ABE927-3D09-4F43-A5AC-30AC4C2994B9}"
EndProject
Project("{FAE04EC0-301F-11D3-BF4B-00C04F79EFBC}") = "Tyuiu.NovikovDS.Sprint1.Task2.V26", "Tyuiu.NovikovDS.Sprint1.Task2.V26\Tyuiu.NovikovDS.Sprint1.Task2.V26.csproj", "{5F9DDE79-10BC-4027-83D1-0E10A6408867}"
EndProject
Project("{FAE04EC0-301F-11D3-BF4B-00C04F79EFBC}") = "Tyuiu.NovikovDS.Sprint1.Task2.V26.Lib", "Tyuiu.NovikovDS.Sprint1.Task2.V26.Lib\Tyuiu.NovikovDS.Sprint1.Task2.V26.Lib.csproj", "{372FBC05-FC2D-41EA-9CE9-C6DBD6DAB351}"
EndProject
Project("{FAE04EC0-301F-11D3-BF4B-00C04F79EFBC}") = "Tyuiu.NovikovDS.Sprint1.Task2.V26.Test", "Tyuiu.NovikovDS.Sprint1.Task2.V26.Test\Tyuiu.NovikovDS.Sprint1.Task2.V26.Test.csproj", "{BD6A8167-AE78-45E2-9892-F7D88A3CDED3}"
EndProject
Project("{2150E333-8FDC-42A3-9474-1A3956D46DE8}") = "Task3", "Task3", "{052D672C-894A-405A-8CD6-ABEBF1283650}"
EndProject
Project("{FAE04EC0-301F-11D3-BF4B-00C04F79EFBC}") = "Tyuiu.NovikovDS.Sprint1.Task3.V5", "Tyuiu.NovikovDS.Sprint1.Task3.V5\Tyuiu.NovikovDS.Sprint1.Task3.V5.csproj", "{A33938BE-14B4-419E-84EE-C1F83ECB9129}"
EndProject
Project("{FAE04EC0-301F-11D3-BF4B-00C04F79EFBC}") = "Tyuiu.NovikovDS.Sprint1.Task3.V5.Lib", "Tyuiu.NovikovDS.Sprint1.Task3.V5.Lib\Tyuiu.NovikovDS.Sprint1.Task3.V5.Lib.csproj", "{23C6762D-1F07-489A-9795-E2627EF3590E}"
EndProject
Project("{FAE04EC0-301F-11D3-BF4B-00C04F79EFBC}") = "Tyuiu.NovikovDS.Sprint1.Task3.V5.Test", "Tyuiu.NovikovDS.Sprint1.Task3.V5.Test\Tyuiu.NovikovDS.Sprint1.Task3.V5.Test.csproj", "{F4C0633D-6A44-4AED-BE1F-74BDA993B54B}"
EndProject
Project("{2150E333-8FDC-42A3-9474-1A3956D46DE8}") = "Task4", "Task4", "{0F4D8017-4711-42D7-BF76-210ECC7E2DD8}"
EndProject
Project("{FAE04EC0-301F-11D3-BF4B-00C04F79EFBC}") = "Tyuiu.NovikovDS.Sprint1.Task4.V17", "Tyuiu.NovikovDS.Sprint1.Task4.V17\Tyuiu.NovikovDS.Sprint1.Task4.V17.csproj", "{56A321C3-38F3-4779-8074-F692B47AA574}"
EndProject
Project("{FAE04EC0-301F-11D3-BF4B-00C04F79EFBC}") = "Tyuiu.NovikovDS.Sprint1.Task4.V17.Lib", "Tyuiu.NovikovDS.Sprint1.Task4.V17.Lib\Tyuiu.NovikovDS.Sprint1.Task4.V17.Lib.csproj", "{F859BEBF-B903-4411-8E49-7687F8813E2D}"
EndProject
Project("{FAE04EC0-301F-11D3-BF4B-00C04F79EFBC}") = "Tyuiu.NovikovDS.Sprint1.Task4.V17.Test", "Tyuiu.NovikovDS.Sprint1.Task4.V17.Test\Tyuiu.NovikovDS.Sprint1.Task4.V17.Test.csproj", "{9BFDF1F8-F340-4FEA-AAFA-DEBAE7DCE88B}"
EndProject
Project("{2150E333-8FDC-42A3-9474-1A3956D46DE8}") = "Task5", "Task5", "{FD2D17EA-EDA1-4831-ACD1-CF02925A8477}"
EndProject
Project("{FAE04EC0-301F-11D3-BF4B-00C04F79EFBC}") = "Tyuiu.NovikovDS.Sprint1.Task5.V3", "Tyuiu.NovikovDS.Sprint1.Task5.V3\Tyuiu.NovikovDS.Sprint1.Task5.V3.csproj", "{ABC85F5B-B7F8-4F9B-A7F6-2D5F2E73F095}"
EndProject
Project("{FAE04EC0-301F-11D3-BF4B-00C04F79EFBC}") = "Tyuiu.NovikovDS.Sprint1.Task5.V3.Lib", "Tyuiu.NovikovDS.Sprint1.Task5.V3.Lib\Tyuiu.NovikovDS.Sprint1.Task5.V3.Lib.csproj", "{87E8DEC5-E7E0-4EC3-8261-1D476C13FFF2}"
EndProject
Project("{FAE04EC0-301F-11D3-BF4B-00C04F79EFBC}") = "Tyuiu.NovikovDS.Sprint1.Task5.V3.Test", "Tyuiu.NovikovDS.Sprint1.Task5.V3.Test\Tyuiu.NovikovDS.Sprint1.Task5.V3.Test.csproj", "{98DAE58F-6A89-4DC5-89F4-6275E801FA1C}"
EndProject
Global
	GlobalSection(SolutionConfigurationPlatforms) = preSolution
		Debug|Any CPU = Debug|Any CPU
		Release|Any CPU = Release|Any CPU
	EndGlobalSection
	GlobalSection(ProjectConfigurationPlatforms) = postSolution
		{55A31E14-9693-4269-8262-59E33034F498}.Debug|Any CPU.ActiveCfg = Debug|Any CPU
		{55A31E14-9693-4269-8262-59E33034F498}.Debug|Any CPU.Build.0 = Debug|Any CPU
		{55A31E14-9693-4269-8262-59E33034F498}.Release|Any CPU.ActiveCfg = Release|Any CPU
		{55A31E14-9693-4269-8262-59E33034F498}.Release|Any CPU.Build.0 = Release|Any CPU
		{05B55728-C089-4C6A-93D5-E15DDF8A9257}.Debug|Any CPU.ActiveCfg = Debug|Any CPU
		{05B55728-C089-4C6A-93D5-E15DDF8A9257}.Debug|Any CPU.Build.0 = Debug|Any CPU
		{05B55728-C089-4C6A-93D5-E15DDF8A9257}.Release|Any CPU.ActiveCfg = Release|Any CPU
		{05B55728-C089-4C6A-93D5-E15DDF8A9257}.Release|Any CPU.Build.0 = Release|Any CPU
		{15E88E0A-D822-44A6-BB92-1EAB9DE5026B}.Debug|Any CPU.ActiveCfg = Debug|Any CPU
		{15E88E0A-D822-44A6-BB92-1EAB9DE5026B}.Debug|Any CPU.Build.0 = Debug|Any CPU
		{15E88E0A-D822-44A6-BB92-1EAB9DE5026B}.Release|Any CPU.ActiveCfg = Release|Any CPU
		{15E88E0A-D822-44A6-BB92-1EAB9DE5026B}.Release|Any CPU.Build.0 = Release|Any CPU
		{401744B1-7153-4C86-866A-47876C66EE6D}.Debug|Any CPU.ActiveCfg = Debug|Any CPU
		{401744B1-7153-4C86-866A-47876C66EE6D}.Debug|Any CPU.Build.0 = Debug|Any CPU
		{401744B1-7153-4C86-866A-47876C66EE6D}.Release|Any CPU.ActiveCfg = Release|Any CPU
		{401744B1-7153-4C86-866A-47876C66EE6D}.Release|Any CPU.Build.0 = Release|Any CPU
		{5D68AE01-70D9-4040-9A55-3146BB601D4F}.Debug|Any CPU.ActiveCfg = Debug|Any CPU
		{5D68AE01-70D9-4040-9A55-3146BB601D4F}.Debug|Any CPU.Build.0 = Debug|Any CPU
		{5D68AE01-70D9-4040-9A55-3146BB601D4F}.Release|Any CPU.ActiveCfg = Release|Any CPU
		{5D68AE01-70D9-4040-9A55-3146BB601D4F}.Release|Any CPU.Build.0 = Release|Any CPU
		{511F4D5E-F23F-41FD-9109-FCC156F06617}.Debug|Any CPU.ActiveCfg = Debug|Any CPU
		{511F4D5E-F23F-41FD-9109-FCC156F06617}.Debug|Any CPU.Build.0 = Debug|Any CPU
		{511F4D5E-F23F-41FD-9109-FCC156F06617}.Release|Any CPU.ActiveCfg = Release|Any CPU
		{511F4D5E-F23F-41FD-9109-FCC156F06617}.Release|Any CPU.Build.0 = Release|Any CPU
		{5F9DDE79-10BC-4027-83D1-0E10A6408867}.Debug|Any CPU.ActiveCfg = Debug|Any CPU
		{5F9DDE79-10BC-4027-83D1-0E10A6408867}.Debug|Any CPU.Build.0 = Debug|Any CPU
		{5F9DDE79-10BC-4027-83D1-0E10A6408867}.Release|Any CPU.ActiveCfg = Release|Any CPU
		{5F9DDE79-10BC-4027-83D1-0E10A6408867}.Release|Any CPU.Build.0 = Release|Any CPU
		{372FBC05-FC2D-41EA-9CE9-C6DBD6DAB351}.Debug|Any CPU.ActiveCfg = Debug|Any CPU
		{372FBC05-FC2D-41EA-9CE9-C6DBD6DAB351}.Debug|Any CPU.Build.0 = Debug|Any CPU
		{372FBC05-FC2D-41EA-9CE9-C6DBD6DAB351}.Release|Any CPU.ActiveCfg = Release|Any CPU
		{372FBC05-FC2D-41EA-9CE9-C6DBD6DAB351}.Release|Any CPU.Build.0 = Release|Any CPU
		{BD6A8167-AE78-45E2-9892-F7D88A3CDED3}.Debug|Any CPU.ActiveCfg = Debug|Any CPU
		{BD6A8167-AE78-45E2-9892-F7D88A3CDED3}.Debug|Any CPU.Build.0 = Debug|Any CPU
		{BD6A8167-AE78-45E2-9892-F7D88A3CDED3}.Release|Any CPU.ActiveCfg = Release|Any CPU
		{BD6A8167-AE78-45E2-9892-F7D88A3CDED3}.Release|Any CPU.Build.0 = Release|Any CPU
		{A33938BE-14B4-419E-84EE-C1F83ECB9129}.Debug|Any CPU.ActiveCfg = Debug|Any CPU
		{A33938BE-14B4-419E-84EE-C1F83ECB9129}.Debug|Any CPU.Build.0 = Debug|Any CPU
		{A33938BE-14B4-419E-84EE-C1F83ECB9129}.Release|Any CPU.ActiveCfg = Release|Any CPU
		{A33938BE-14B4-419E-84EE-C1F83ECB9129}.Release|Any CPU.Build.0 = Release|Any CPU
		{23C6762D-1F07-489A-9795-E2627EF3590E}.Debug|Any CPU.ActiveCfg = Debug|Any CPU
		{23C6762D-1F07-489A-9795-E2627EF3590E}.Debug|Any CPU.Build.0 = Debug|Any CPU
		{23C6762D-1F07-489A-9795-E2627EF3590E}.Release|Any CPU.ActiveCfg = Release|Any CPU
		{23C6762D-1F07-489A-9795-E2627EF3590E}.Release|Any CPU.Build.0 = Release|Any CPU
		{F4C0633D-6A44-4AED-BE1F-74BDA993B54B}.Debug|Any CPU.ActiveCfg = Debug|Any CPU
		{F4C0633D-6A44-4AED-BE1F-74BDA993B54B}.Debug|Any CPU.Build.0 = Debug|Any CPU
		{F4C0633D-6A44-4AED-BE1F-74BDA993B54B}.Release|Any CPU.ActiveCfg = Release|Any CPU
		{F4C0633D-6A44-4AED-BE1F-74BDA993B54B}.Release|Any CPU.Build.0 = Release|Any CPU
		{56A321C3-38F3-4779-8074-F692B47AA574}.Debug|Any CPU.ActiveCfg = Debug|Any CPU
		{56A321C3-38F3-4779-8074-F692B47AA574}.Debug|Any CPU.Build.0 = Debug|Any CPU
		{56A321C3-38F3-4779-8074-F692B47AA574}.Release|Any CPU.ActiveCfg = Release|Any CPU
		{56A321C3-38F3-4779-8074-F692B47AA574}.Release|Any CPU.Build.0 = Release|Any CPU
		{F859BEBF-B903-4411-8E49-7687F8813E2D}.Debug|Any CPU.ActiveCfg = Debug|Any CPU
		{F859BEBF-B903-4411-8E49-7687F8813E2D}.Debug|Any CPU.Build.0 = Debug|Any CPU
		{F859BEBF-B903-4411-8E49-7687F8813E2D}.Release|Any CPU.ActiveCfg = Release|Any CPU
		{F859BEBF-B903-4411-8E49-7687F8813E2D}.Release|Any CPU.Build.0 = Release|Any CPU
		{9BFDF1F8-F340-4FEA-AAFA-DEBAE7DCE88B}.Debug|Any CPU.ActiveCfg = Debug|Any CPU
		{9BFDF1F8-F340-4FEA-AAFA-DEBAE7DCE88B}.Debug|Any CPU.Build.0 = Debug|Any CPU
		{9BFDF1F8-F340-4FEA-AAFA-DEBAE7DCE88B}.Release|Any CPU.ActiveCfg = Release|Any CPU
		{9BFDF1F8-F340-4FEA-AAFA-DEBAE7DCE88B}.Release|Any CPU.Build.0 = Release|Any CPU
		{ABC85F5B-B7F8-4F9B-A7F6-2D5F2E73F095}.Debug|Any CPU.ActiveCfg = Debug|Any CPU
		{ABC85F5B-B7F8-4F9B-A7F6-2D5F2E73F095}.Debug|Any CPU.Build.0 = Debug|Any CPU
		{ABC85F5B-B7F8-4F9B-A7F6-2D5F2E73F095}.Release|Any CPU.ActiveCfg = Release|Any CPU
		{ABC85F5B-B7F8-4F9B-A7F6-2D5F2E73F095}.Release|Any CPU.Build.0 = Release|Any CPU
		{87E8DEC5-E7E0-4EC3-8261-1D476C13FFF2}.Debug|Any CPU.ActiveCfg = Debug|Any CPU
		{87E8DEC5-E7E0-4EC3-8261-1D476C13FFF2}.Debug|Any CPU.Build.0 = Debug|Any CPU
		{87E8DEC5-E7E0-4EC3-8261-1D476C13FFF2}.Release|Any CPU.ActiveCfg = Release|Any CPU
		{87E8DEC5-E7E0-4EC3-8261-1D476C13FFF2}.Release|Any CPU.Build.0 = Release|Any CPU
		{98DAE58F-6A89-4DC5-89F4-6275E801FA1C}.Debug|Any CPU.ActiveCfg = Debug|Any CPU
		{98DAE58F-6A89-4DC5-89F4-6275E801FA1C}.Debug|Any CPU.Build.0 = Debug|Any CPU
		{98DAE58F-6A89-4DC5-89F4-6275E801FA1C}.Release|Any CPU.ActiveCfg = Release|Any CPU
		{98DAE58F-6A89-4DC5-89F4-6275E801FA1C}.Release|Any CPU.Build.0 = Release|Any CPU
	EndGlobalSection
	GlobalSection(SolutionProperties) = preSolution
		HideSolutionNode = FALSE
	EndGlobalSection
	GlobalSection(NestedProjects) = preSolution
		{55A31E14-9693-4269-8262-59E33034F498} = {66F338C4-2BD1-4FF9-87EC-A09B41113184}
		{05B55728-C089-4C6A-93D5-E15DDF8A9257} = {66F338C4-2BD1-4FF9-87EC-A09B41113184}
		{15E88E0A-D822-44A6-BB92-1EAB9DE5026B} = {66F338C4-2BD1-4FF9-87EC-A09B41113184}
		{401744B1-7153-4C86-866A-47876C66EE6D} = {3F48517B-0FEF-453C-8C42-00E2FA908606}
		{5D68AE01-70D9-4040-9A55-3146BB601D4F} = {3F48517B-0FEF-453C-8C42-00E2FA908606}
		{511F4D5E-F23F-41FD-9109-FCC156F06617} = {3F48517B-0FEF-453C-8C42-00E2FA908606}
		{5F9DDE79-10BC-4027-83D1-0E10A6408867} = {53ABE927-3D09-4F43-A5AC-30AC4C2994B9}
		{372FBC05-FC2D-41EA-9CE9-C6DBD6DAB351} = {53ABE927-3D09-4F43-A5AC-30AC4C2994B9}
		{BD6A8167-AE78-45E2-9892-F7D88A3CDED3} = {53ABE927-3D09-4F43-A5AC-30AC4C2994B9}
		{A33938BE-14B4-419E-84EE-C1F83ECB9129} = {052D672C-894A-405A-8CD6-ABEBF1283650}
		{23C6762D-1F07-489A-9795-E2627EF3590E} = {052D672C-894A-405A-8CD6-ABEBF1283650}
		{F4C0633D-6A44-4AED-BE1F-74BDA993B54B} = {052D672C-894A-405A-8CD6-ABEBF1283650}
		{56A321C3-38F3-4779-8074-F692B47AA574} = {0F4D8017-4711-42D7-BF76-210ECC7E2DD8}
		{F859BEBF-B903-4411-8E49-7687F8813E2D} = {0F4D8017-4711-42D7-BF76-210ECC7E2DD8}
		{9BFDF1F8-F340-4FEA-AAFA-DEBAE7DCE88B} = {0F4D8017-4711-42D7-BF76-210ECC7E2DD8}
		{ABC85F5B-B7F8-4F9B-A7F6-2D5F2E73F095} = {FD2D17EA-EDA1-4831-ACD1-CF02925A8477}
		{87E8DEC5-E7E0-4EC3-8261-1D476C13FFF2} = {FD2D17EA-EDA1-4831-ACD1-CF02925A8477}
		{98DAE58F-6A89-4DC5-89F4-6275E801FA1C} = {FD2D17EA-EDA1-4831-ACD1-CF02925A8477}
	EndGlobalSection
	GlobalSection(ExtensibilityGlobals) = postSolution
		SolutionGuid = {9EF45642-13C2-4FC1-9E02-344E0399063C}
	EndGlobalSection
EndGlobal
